
Microsoft Visual Studio Solution File, Format Version 11.00
# Visual C++ Express 2010
Project("{8BC9CEB8-8B4A-11D0-8D11-00A0C91BC942}") = "RSA 2010", "RSA 2010.vcxproj", "{10D8658C-E2A4-7F08-0384-B5D8FEDB2631}"
EndProject
Global
	GlobalSection(SolutionConfigurationPlatforms) = preSolution
		Debug|Win32 = Debug|Win32
		Release|Win32 = Release|Win32
	EndGlobalSection
	GlobalSection(ProjectConfigurationPlatforms) = postSolution
		{10D8658C-E2A4-7F08-0384-B5D8FEDB2631}.Debug|Win32.ActiveCfg = Debug|Win32
		{10D8658C-E2A4-7F08-0384-B5D8FEDB2631}.Debug|Win32.Build.0 = Debug|Win32
		{10D8658C-E2A4-7F08-0384-B5D8FEDB2631}.Release|Win32.ActiveCfg = Release|Win32
		{10D8658C-E2A4-7F08-0384-B5D8FEDB2631}.Release|Win32.Build.0 = Release|Win32
	EndGlobalSection
	GlobalSection(SolutionProperties) = preSolution
		HideSolutionNode = FALSE
	EndGlobalSection
EndGlobal
